
Microsoft Visual Studio Solution File, Format Version 11.00
# Visual Studio 2010
Project("{FAE04EC0-301F-11D3-BF4B-00C04F79EFBC}") = "Mictlanix.WebSites.JMR", "Mictlanix.WebSites.JMR.csproj", "{9AA512B2-FD51-46E0-B839-E1D9A3ADD770}"
EndProject
Global
	GlobalSection(SolutionConfigurationPlatforms) = preSolution
		Debug|Any CPU = Debug|Any CPU
		Release|Any CPU = Release|Any CPU
	EndGlobalSection
	GlobalSection(ProjectConfigurationPlatforms) = postSolution
		{9AA512B2-FD51-46E0-B839-E1D9A3ADD770}.Debug|Any CPU.ActiveCfg = Debug|Any CPU
		{9AA512B2-FD51-46E0-B839-E1D9A3ADD770}.Debug|Any CPU.Build.0 = Debug|Any CPU
		{9AA512B2-FD51-46E0-B839-E1D9A3ADD770}.Release|Any CPU.ActiveCfg = Release|Any CPU
		{9AA512B2-FD51-46E0-B839-E1D9A3ADD770}.Release|Any CPU.Build.0 = Release|Any CPU
	EndGlobalSection
EndGlobal
